
Microsoft Visual Studio Solution File, Format Version 12.00
# Visual Studio 15
Project("{FAE04EC0-301F-11D3-BF4B-00C04F79EFBC}") = "Assembly-CSharp", "Assembly-CSharp.csproj", "{D496A255-3974-1408-FDB0-93F1F07F0DE1}"
EndProject
Project("{FAE04EC0-301F-11D3-BF4B-00C04F79EFBC}") = "Assembly-CSharp", "Assembly-CSharp.Player.csproj", "{807AECBE-51A1-C601-E5C7-4CD4E037DE94}"
EndProject
Global
	GlobalSection(SolutionConfigurationPlatforms) = preSolution
		Debug|Any CPU = Debug|Any CPU
		Release|Any CPU = Release|Any CPU
	EndGlobalSection
	GlobalSection(ProjectConfigurationPlatforms) = postSolution
		{D496A255-3974-1408-FDB0-93F1F07F0DE1}.Debug|Any CPU.ActiveCfg = Debug|Any CPU
		{D496A255-3974-1408-FDB0-93F1F07F0DE1}.Debug|Any CPU.Build.0 = Debug|Any CPU
		{D496A255-3974-1408-FDB0-93F1F07F0DE1}.Release|Any CPU.ActiveCfg = Release|Any CPU
		{D496A255-3974-1408-FDB0-93F1F07F0DE1}.Release|Any CPU.Build.0 = Release|Any CPU
		{807AECBE-51A1-C601-E5C7-4CD4E037DE94}.Debug|Any CPU.ActiveCfg = Debug|Any CPU
		{807AECBE-51A1-C601-E5C7-4CD4E037DE94}.Debug|Any CPU.Build.0 = Debug|Any CPU
		{807AECBE-51A1-C601-E5C7-4CD4E037DE94}.Release|Any CPU.ActiveCfg = Release|Any CPU
		{807AECBE-51A1-C601-E5C7-4CD4E037DE94}.Release|Any CPU.Build.0 = Release|Any CPU
	EndGlobalSection
	GlobalSection(SolutionProperties) = preSolution
		HideSolutionNode = FALSE
	EndGlobalSection
EndGlobal
